
Microsoft Visual Studio Solution File, Format Version 12.00
# Visual Studio Version 16
VisualStudioVersion = 16.0.31112.23
MinimumVisualStudioVersion = 10.0.40219.1
Project("{FAE04EC0-301F-11D3-BF4B-00C04F79EFBC}") = "projekt_serwatko", "projekt_serwatko\projekt_serwatko.csproj", "{37B2AC4D-4F1C-4C71-81E1-1B58F96DCBE8}"
EndProject
Global
	GlobalSection(SolutionConfigurationPlatforms) = preSolution
		Debug|Any CPU = Debug|Any CPU
		Release|Any CPU = Release|Any CPU
	EndGlobalSection
	GlobalSection(ProjectConfigurationPlatforms) = postSolution
		{37B2AC4D-4F1C-4C71-81E1-1B58F96DCBE8}.Debug|Any CPU.ActiveCfg = Debug|Any CPU
		{37B2AC4D-4F1C-4C71-81E1-1B58F96DCBE8}.Debug|Any CPU.Build.0 = Debug|Any CPU
		{37B2AC4D-4F1C-4C71-81E1-1B58F96DCBE8}.Release|Any CPU.ActiveCfg = Release|Any CPU
		{37B2AC4D-4F1C-4C71-81E1-1B58F96DCBE8}.Release|Any CPU.Build.0 = Release|Any CPU
	EndGlobalSection
	GlobalSection(SolutionProperties) = preSolution
		HideSolutionNode = FALSE
	EndGlobalSection
	GlobalSection(ExtensibilityGlobals) = postSolution
		SolutionGuid = {D80EBDA4-F7F7-4478-96A5-17579A29FD16}
	EndGlobalSection
EndGlobal
